// !$*UTF8*$!
{
	archiveVersion = 1;
	classes = {
	};
	objectVersion = 46;
	objects = {

/* Begin PBXBuildFile section */
		33D9011975BB46E398171822 /* libPods.a in Frameworks */ = {isa = PBXBuildFile; fileRef = 8DA03B47164C4D2296F3661D /* libPods.a */; };
		5711E9A6190C881D00897026 /* FPPaypalViewController.m in Sources */ = {isa = PBXBuildFile; fileRef = 5711E9A5190C881D00897026 /* FPPaypalViewController.m */; };
		575D875E190CFCCC0060E317 /* FPJawboneViewController.m in Sources */ = {isa = PBXBuildFile; fileRef = 575D875D190CFCCC0060E317 /* FPJawboneViewController.m */; };
		575D8761190CFFF40060E317 /* FPFinalViewController.m in Sources */ = {isa = PBXBuildFile; fileRef = 575D8760190CFFF40060E317 /* FPFinalViewController.m */; };
		57AE2796190BF06C00EE8AD8 /* Foundation.framework in Frameworks */ = {isa = PBXBuildFile; fileRef = 57AE2795190BF06C00EE8AD8 /* Foundation.framework */; };
		57AE2798190BF06C00EE8AD8 /* CoreGraphics.framework in Frameworks */ = {isa = PBXBuildFile; fileRef = 57AE2797190BF06C00EE8AD8 /* CoreGraphics.framework */; };
		57AE279A190BF06C00EE8AD8 /* UIKit.framework in Frameworks */ = {isa = PBXBuildFile; fileRef = 57AE2799190BF06C00EE8AD8 /* UIKit.framework */; };
		57AE27A0190BF06C00EE8AD8 /* InfoPlist.strings in Resources */ = {isa = PBXBuildFile; fileRef = 57AE279E190BF06C00EE8AD8 /* InfoPlist.strings */; };
		57AE27A2190BF06C00EE8AD8 /* main.m in Sources */ = {isa = PBXBuildFile; fileRef = 57AE27A1190BF06C00EE8AD8 /* main.m */; };
		57AE27A6190BF06C00EE8AD8 /* FPAppDelegate.m in Sources */ = {isa = PBXBuildFile; fileRef = 57AE27A5190BF06C00EE8AD8 /* FPAppDelegate.m */; };
		57AE27A8190BF06C00EE8AD8 /* Images.xcassets in Resources */ = {isa = PBXBuildFile; fileRef = 57AE27A7190BF06C00EE8AD8 /* Images.xcassets */; };
		57AE27AF190BF06D00EE8AD8 /* XCTest.framework in Frameworks */ = {isa = PBXBuildFile; fileRef = 57AE27AE190BF06D00EE8AD8 /* XCTest.framework */; };
		57AE27B0190BF06D00EE8AD8 /* Foundation.framework in Frameworks */ = {isa = PBXBuildFile; fileRef = 57AE2795190BF06C00EE8AD8 /* Foundation.framework */; };
		57AE27B1190BF06D00EE8AD8 /* UIKit.framework in Frameworks */ = {isa = PBXBuildFile; fileRef = 57AE2799190BF06C00EE8AD8 /* UIKit.framework */; };
		57AE27B9190BF06D00EE8AD8 /* InfoPlist.strings in Resources */ = {isa = PBXBuildFile; fileRef = 57AE27B7190BF06D00EE8AD8 /* InfoPlist.strings */; };
		57AE27BB190BF06D00EE8AD8 /* FitPalTests.m in Sources */ = {isa = PBXBuildFile; fileRef = 57AE27BA190BF06D00EE8AD8 /* FitPalTests.m */; };
		57AE27C6190BF40600EE8AD8 /* FPRootViewController.m in Sources */ = {isa = PBXBuildFile; fileRef = 57AE27C5190BF40600EE8AD8 /* FPRootViewController.m */; };
		57AE27C9190BFC8700EE8AD8 /* FPNavigationController.m in Sources */ = {isa = PBXBuildFile; fileRef = 57AE27C8190BFC8700EE8AD8 /* FPNavigationController.m */; };
		57AE27CC190C02F700EE8AD8 /* FPExcerciseViewController.m in Sources */ = {isa = PBXBuildFile; fileRef = 57AE27CB190C02F700EE8AD8 /* FPExcerciseViewController.m */; };
/* End PBXBuildFile section */

/* Begin PBXContainerItemProxy section */
		57AE27B2190BF06D00EE8AD8 /* PBXContainerItemProxy */ = {
			isa = PBXContainerItemProxy;
			containerPortal = 57AE278A190BF06C00EE8AD8 /* Project object */;
			proxyType = 1;
			remoteGlobalIDString = 57AE2791190BF06C00EE8AD8;
			remoteInfo = FitPal;
		};
/* End PBXContainerItemProxy section */

/* Begin PBXFileReference section */
		5711E9A4190C881D00897026 /* FPPaypalViewController.h */ = {isa = PBXFileReference; fileEncoding = 4; lastKnownFileType = sourcecode.c.h; path = FPPaypalViewController.h; sourceTree = "<group>"; };
		5711E9A5190C881D00897026 /* FPPaypalViewController.m */ = {isa = PBXFileReference; fileEncoding = 4; lastKnownFileType = sourcecode.c.objc; path = FPPaypalViewController.m; sourceTree = "<group>"; };
		575D875C190CFCCC0060E317 /* FPJawboneViewController.h */ = {isa = PBXFileReference; fileEncoding = 4; lastKnownFileType = sourcecode.c.h; path = FPJawboneViewController.h; sourceTree = "<group>"; };
		575D875D190CFCCC0060E317 /* FPJawboneViewController.m */ = {isa = PBXFileReference; fileEncoding = 4; lastKnownFileType = sourcecode.c.objc; path = FPJawboneViewController.m; sourceTree = "<group>"; };
		575D875F190CFFF40060E317 /* FPFinalViewController.h */ = {isa = PBXFileReference; fileEncoding = 4; lastKnownFileType = sourcecode.c.h; path = FPFinalViewController.h; sourceTree = "<group>"; };
		575D8760190CFFF40060E317 /* FPFinalViewController.m */ = {isa = PBXFileReference; fileEncoding = 4; lastKnownFileType = sourcecode.c.objc; path = FPFinalViewController.m; sourceTree = "<group>"; };
		57AE2792190BF06C00EE8AD8 /* FitPal.app */ = {isa = PBXFileReference; explicitFileType = wrapper.application; includeInIndex = 0; path = FitPal.app; sourceTree = BUILT_PRODUCTS_DIR; };
		57AE2795190BF06C00EE8AD8 /* Foundation.framework */ = {isa = PBXFileReference; lastKnownFileType = wrapper.framework; name = Foundation.framework; path = System/Library/Frameworks/Foundation.framework; sourceTree = SDKROOT; };
		57AE2797190BF06C00EE8AD8 /* CoreGraphics.framework */ = {isa = PBXFileReference; lastKnownFileType = wrapper.framework; name = CoreGraphics.framework; path = System/Library/Frameworks/CoreGraphics.framework; sourceTree = SDKROOT; };
		57AE2799190BF06C00EE8AD8 /* UIKit.framework */ = {isa = PBXFileReference; lastKnownFileType = wrapper.framework; name = UIKit.framework; path = System/Library/Frameworks/UIKit.framework; sourceTree = SDKROOT; };
		57AE279D190BF06C00EE8AD8 /* FitPal-Info.plist */ = {isa = PBXFileReference; lastKnownFileType = text.plist.xml; path = "FitPal-Info.plist"; sourceTree = "<group>"; };
		57AE279F190BF06C00EE8AD8 /* en */ = {isa = PBXFileReference; lastKnownFileType = text.plist.strings; name = en; path = en.lproj/InfoPlist.strings; sourceTree = "<group>"; };
		57AE27A1190BF06C00EE8AD8 /* main.m */ = {isa = PBXFileReference; lastKnownFileType = sourcecode.c.objc; path = main.m; sourceTree = "<group>"; };
		57AE27A3190BF06C00EE8AD8 /* FitPal-Prefix.pch */ = {isa = PBXFileReference; lastKnownFileType = sourcecode.c.h; path = "FitPal-Prefix.pch"; sourceTree = "<group>"; };
		57AE27A4190BF06C00EE8AD8 /* FPAppDelegate.h */ = {isa = PBXFileReference; lastKnownFileType = sourcecode.c.h; path = FPAppDelegate.h; sourceTree = "<group>"; };
		57AE27A5190BF06C00EE8AD8 /* FPAppDelegate.m */ = {isa = PBXFileReference; lastKnownFileType = sourcecode.c.objc; path = FPAppDelegate.m; sourceTree = "<group>"; };
		57AE27A7190BF06C00EE8AD8 /* Images.xcassets */ = {isa = PBXFileReference; lastKnownFileType = folder.assetcatalog; path = Images.xcassets; sourceTree = "<group>"; };
		57AE27AD190BF06D00EE8AD8 /* FitPalTests.xctest */ = {isa = PBXFileReference; explicitFileType = wrapper.cfbundle; includeInIndex = 0; path = FitPalTests.xctest; sourceTree = BUILT_PRODUCTS_DIR; };
		57AE27AE190BF06D00EE8AD8 /* XCTest.framework */ = {isa = PBXFileReference; lastKnownFileType = wrapper.framework; name = XCTest.framework; path = Library/Frameworks/XCTest.framework; sourceTree = DEVELOPER_DIR; };
		57AE27B6190BF06D00EE8AD8 /* FitPalTests-Info.plist */ = {isa = PBXFileReference; lastKnownFileType = text.plist.xml; path = "FitPalTests-Info.plist"; sourceTree = "<group>"; };
		57AE27B8190BF06D00EE8AD8 /* en */ = {isa = PBXFileReference; lastKnownFileType = text.plist.strings; name = en; path = en.lproj/InfoPlist.strings; sourceTree = "<group>"; };
		57AE27BA190BF06D00EE8AD8 /* FitPalTests.m */ = {isa = PBXFileReference; lastKnownFileType = sourcecode.c.objc; path = FitPalTests.m; sourceTree = "<group>"; };
		57AE27C4190BF40600EE8AD8 /* FPRootViewController.h */ = {isa = PBXFileReference; fileEncoding = 4; lastKnownFileType = sourcecode.c.h; path = FPRootViewController.h; sourceTree = "<group>"; };
		57AE27C5190BF40600EE8AD8 /* FPRootViewController.m */ = {isa = PBXFileReference; fileEncoding = 4; lastKnownFileType = sourcecode.c.objc; path = FPRootViewController.m; sourceTree = "<group>"; };
		57AE27C7190BFC8700EE8AD8 /* FPNavigationController.h */ = {isa = PBXFileReference; fileEncoding = 4; lastKnownFileType = sourcecode.c.h; path = FPNavigationController.h; sourceTree = "<group>"; };
		57AE27C8190BFC8700EE8AD8 /* FPNavigationController.m */ = {isa = PBXFileReference; fileEncoding = 4; lastKnownFileType = sourcecode.c.objc; path = FPNavigationController.m; sourceTree = "<group>"; };
		57AE27CA190C02F700EE8AD8 /* FPExcerciseViewController.h */ = {isa = PBXFileReference; fileEncoding = 4; lastKnownFileType = sourcecode.c.h; path = FPExcerciseViewController.h; sourceTree = "<group>"; };
		57AE27CB190C02F700EE8AD8 /* FPExcerciseViewController.m */ = {isa = PBXFileReference; fileEncoding = 4; lastKnownFileType = sourcecode.c.objc; path = FPExcerciseViewController.m; sourceTree = "<group>"; };
		8DA03B47164C4D2296F3661D /* libPods.a */ = {isa = PBXFileReference; explicitFileType = archive.ar; includeInIndex = 0; path = libPods.a; sourceTree = BUILT_PRODUCTS_DIR; };
		C4865254B4F04C9CA45D1B68 /* Pods.xcconfig */ = {isa = PBXFileReference; includeInIndex = 1; lastKnownFileType = text.xcconfig; name = Pods.xcconfig; path = Pods/Pods.xcconfig; sourceTree = "<group>"; };
/* End PBXFileReference section */

/* Begin PBXFrameworksBuildPhase section */
		57AE278F190BF06C00EE8AD8 /* Frameworks */ = {
			isa = PBXFrameworksBuildPhase;
			buildActionMask = 2147483647;
			files = (
				57AE2798190BF06C00EE8AD8 /* CoreGraphics.framework in Frameworks */,
				57AE279A190BF06C00EE8AD8 /* UIKit.framework in Frameworks */,
				57AE2796190BF06C00EE8AD8 /* Foundation.framework in Frameworks */,
				33D9011975BB46E398171822 /* libPods.a in Frameworks */,
			);
			runOnlyForDeploymentPostprocessing = 0;
		};
		57AE27AA190BF06D00EE8AD8 /* Frameworks */ = {
			isa = PBXFrameworksBuildPhase;
			buildActionMask = 2147483647;
			files = (
				57AE27AF190BF06D00EE8AD8 /* XCTest.framework in Frameworks */,
				57AE27B1190BF06D00EE8AD8 /* UIKit.framework in Frameworks */,
				57AE27B0190BF06D00EE8AD8 /* Foundation.framework in Frameworks */,
			);
			runOnlyForDeploymentPostprocessing = 0;
		};
/* End PBXFrameworksBuildPhase section */

/* Begin PBXGroup section */
		57AE2789190BF06C00EE8AD8 = {
			isa = PBXGroup;
			children = (
				57AE279B190BF06C00EE8AD8 /* FitPal */,
				57AE27B4190BF06D00EE8AD8 /* FitPalTests */,
				57AE2794190BF06C00EE8AD8 /* Frameworks */,
				57AE2793190BF06C00EE8AD8 /* Products */,
				C4865254B4F04C9CA45D1B68 /* Pods.xcconfig */,
			);
			sourceTree = "<group>";
		};
		57AE2793190BF06C00EE8AD8 /* Products */ = {
			isa = PBXGroup;
			children = (
				57AE2792190BF06C00EE8AD8 /* FitPal.app */,
				57AE27AD190BF06D00EE8AD8 /* FitPalTests.xctest */,
			);
			name = Products;
			sourceTree = "<group>";
		};
		57AE2794190BF06C00EE8AD8 /* Frameworks */ = {
			isa = PBXGroup;
			children = (
				57AE2795190BF06C00EE8AD8 /* Foundation.framework */,
				57AE2797190BF06C00EE8AD8 /* CoreGraphics.framework */,
				57AE2799190BF06C00EE8AD8 /* UIKit.framework */,
				57AE27AE190BF06D00EE8AD8 /* XCTest.framework */,
				8DA03B47164C4D2296F3661D /* libPods.a */,
			);
			name = Frameworks;
			sourceTree = "<group>";
		};
		57AE279B190BF06C00EE8AD8 /* FitPal */ = {
			isa = PBXGroup;
			children = (
				57AE27A4190BF06C00EE8AD8 /* FPAppDelegate.h */,
				57AE27A5190BF06C00EE8AD8 /* FPAppDelegate.m */,
				57AE27A7190BF06C00EE8AD8 /* Images.xcassets */,
				57AE279C190BF06C00EE8AD8 /* Supporting Files */,
				57AE27C4190BF40600EE8AD8 /* FPRootViewController.h */,
				57AE27C5190BF40600EE8AD8 /* FPRootViewController.m */,
				57AE27C7190BFC8700EE8AD8 /* FPNavigationController.h */,
				57AE27C8190BFC8700EE8AD8 /* FPNavigationController.m */,
				57AE27CA190C02F700EE8AD8 /* FPExcerciseViewController.h */,
				57AE27CB190C02F700EE8AD8 /* FPExcerciseViewController.m */,
				5711E9A4190C881D00897026 /* FPPaypalViewController.h */,
				5711E9A5190C881D00897026 /* FPPaypalViewController.m */,
				575D875C190CFCCC0060E317 /* FPJawboneViewController.h */,
				575D875D190CFCCC0060E317 /* FPJawboneViewController.m */,
				575D875F190CFFF40060E317 /* FPFinalViewController.h */,
				575D8760190CFFF40060E317 /* FPFinalViewController.m */,
			);
			path = FitPal;
			sourceTree = "<group>";
		};
		57AE279C190BF06C00EE8AD8 /* Supporting Files */ = {
			isa = PBXGroup;
			children = (
				57AE279D190BF06C00EE8AD8 /* FitPal-Info.plist */,
				57AE279E190BF06C00EE8AD8 /* InfoPlist.strings */,
				57AE27A1190BF06C00EE8AD8 /* main.m */,
				57AE27A3190BF06C00EE8AD8 /* FitPal-Prefix.pch */,
			);
			name = "Supporting Files";
			sourceTree = "<group>";
		};
		57AE27B4190BF06D00EE8AD8 /* FitPalTests */ = {
			isa = PBXGroup;
			children = (
				57AE27BA190BF06D00EE8AD8 /* FitPalTests.m */,
				57AE27B5190BF06D00EE8AD8 /* Supporting Files */,
			);
			path = FitPalTests;
			sourceTree = "<group>";
		};
		57AE27B5190BF06D00EE8AD8 /* Supporting Files */ = {
			isa = PBXGroup;
			children = (
				57AE27B6190BF06D00EE8AD8 /* FitPalTests-Info.plist */,
				57AE27B7190BF06D00EE8AD8 /* InfoPlist.strings */,
			);
			name = "Supporting Files";
			sourceTree = "<group>";
		};
/* End PBXGroup section */

/* Begin PBXNativeTarget section */
		57AE2791190BF06C00EE8AD8 /* FitPal */ = {
			isa = PBXNativeTarget;
			buildConfigurationList = 57AE27BE190BF06D00EE8AD8 /* Build configuration list for PBXNativeTarget "FitPal" */;
			buildPhases = (
				AEA94CC150B0408798B518A6 /* Check Pods Manifest.lock */,
				57AE278E190BF06C00EE8AD8 /* Sources */,
				57AE278F190BF06C00EE8AD8 /* Frameworks */,
				57AE2790190BF06C00EE8AD8 /* Resources */,
				7533D26626914FD2A944DD7F /* Copy Pods Resources */,
			);
			buildRules = (
			);
			dependencies = (
			);
			name = FitPal;
			productName = FitPal;
			productReference = 57AE2792190BF06C00EE8AD8 /* FitPal.app */;
			productType = "com.apple.product-type.application";
		};
		57AE27AC190BF06D00EE8AD8 /* FitPalTests */ = {
			isa = PBXNativeTarget;
			buildConfigurationList = 57AE27C1190BF06D00EE8AD8 /* Build configuration list for PBXNativeTarget "FitPalTests" */;
			buildPhases = (
				57AE27A9190BF06D00EE8AD8 /* Sources */,
				57AE27AA190BF06D00EE8AD8 /* Frameworks */,
				57AE27AB190BF06D00EE8AD8 /* Resources */,
			);
			buildRules = (
			);
			dependencies = (
				57AE27B3190BF06D00EE8AD8 /* PBXTargetDependency */,
			);
			name = FitPalTests;
			productName = FitPalTests;
			productReference = 57AE27AD190BF06D00EE8AD8 /* FitPalTests.xctest */;
			productType = "com.apple.product-type.bundle.unit-test";
		};
/* End PBXNativeTarget section */

/* Begin PBXProject section */
		57AE278A190BF06C00EE8AD8 /* Project object */ = {
			isa = PBXProject;
			attributes = {
				CLASSPREFIX = FP;
				LastUpgradeCheck = 0510;
				ORGANIZATIONNAME = "Ahmet Karalar";
				TargetAttributes = {
					57AE27AC190BF06D00EE8AD8 = {
						TestTargetID = 57AE2791190BF06C00EE8AD8;
					};
				};
			};
			buildConfigurationList = 57AE278D190BF06C00EE8AD8 /* Build configuration list for PBXProject "FitPal" */;
			compatibilityVersion = "Xcode 3.2";
			developmentRegion = English;
			hasScannedForEncodings = 0;
			knownRegions = (
				en,
			);
			mainGroup = 57AE2789190BF06C00EE8AD8;
			productRefGroup = 57AE2793190BF06C00EE8AD8 /* Products */;
			projectDirPath = "";
			projectRoot = "";
			targets = (
				57AE2791190BF06C00EE8AD8 /* FitPal */,
				57AE27AC190BF06D00EE8AD8 /* FitPalTests */,
			);
		};
/* End PBXProject section */

/* Begin PBXResourcesBuildPhase section */
		57AE2790190BF06C00EE8AD8 /* Resources */ = {
			isa = PBXResourcesBuildPhase;
			buildActionMask = 2147483647;
			files = (
				57AE27A0190BF06C00EE8AD8 /* InfoPlist.strings in Resources */,
				57AE27A8190BF06C00EE8AD8 /* Images.xcassets in Resources */,
			);
			runOnlyForDeploymentPostprocessing = 0;
		};
		57AE27AB190BF06D00EE8AD8 /* Resources */ = {
			isa = PBXResourcesBuildPhase;
			buildActionMask = 2147483647;
			files = (
				57AE27B9190BF06D00EE8AD8 /* InfoPlist.strings in Resources */,
			);
			runOnlyForDeploymentPostprocessing = 0;
		};
/* End PBXResourcesBuildPhase section */

/* Begin PBXShellScriptBuildPhase section */
		7533D26626914FD2A944DD7F /* Copy Pods Resources */ = {
			isa = PBXShellScriptBuildPhase;
			buildActionMask = 2147483647;
			files = (
			);
			inputPaths = (
			);
			name = "Copy Pods Resources";
			outputPaths = (
			);
			runOnlyForDeploymentPostprocessing = 0;
			shellPath = /bin/sh;
			shellScript = "\"${SRCROOT}/Pods/Pods-resources.sh\"\n";
			showEnvVarsInLog = 0;
		};
		AEA94CC150B0408798B518A6 /* Check Pods Manifest.lock */ = {
			isa = PBXShellScriptBuildPhase;
			buildActionMask = 2147483647;
			files = (
			);
			inputPaths = (
			);
			name = "Check Pods Manifest.lock";
			outputPaths = (
			);
			runOnlyForDeploymentPostprocessing = 0;
			shellPath = /bin/sh;
			shellScript = "diff \"${PODS_ROOT}/../Podfile.lock\" \"${PODS_ROOT}/Manifest.lock\" > /dev/null\nif [[ $? != 0 ]] ; then\n    cat << EOM\nerror: The sandbox is not in sync with the Podfile.lock. Run 'pod install' or update your CocoaPods installation.\nEOM\n    exit 1\nfi\n";
			showEnvVarsInLog = 0;
		};
/* End PBXShellScriptBuildPhase section */

/* Begin PBXSourcesBuildPhase section */
		57AE278E190BF06C00EE8AD8 /* Sources */ = {
			isa = PBXSourcesBuildPhase;
			buildActionMask = 2147483647;
			files = (
				575D875E190CFCCC0060E317 /* FPJawboneViewController.m in Sources */,
				575D8761190CFFF40060E317 /* FPFinalViewController.m in Sources */,
				57AE27C6190BF40600EE8AD8 /* FPRootViewController.m in Sources */,
				57AE27A6190BF06C00EE8AD8 /* FPAppDelegate.m in Sources */,
				57AE27C9190BFC8700EE8AD8 /* FPNavigationController.m in Sources */,
				5711E9A6190C881D00897026 /* FPPaypalViewController.m in Sources */,
				57AE27A2190BF06C00EE8AD8 /* main.m in Sources */,
				57AE27CC190C02F700EE8AD8 /* FPExcerciseViewController.m in Sources */,
			);
			runOnlyForDeploymentPostprocessing = 0;
		};
		57AE27A9190BF06D00EE8AD8 /* Sources */ = {
			isa = PBXSourcesBuildPhase;
			buildActionMask = 2147483647;
			files = (
				57AE27BB190BF06D00EE8AD8 /* FitPalTests.m in Sources */,
			);
			runOnlyForDeploymentPostprocessing = 0;
		};
/* End PBXSourcesBuildPhase section */

/* Begin PBXTargetDependency section */
		57AE27B3190BF06D00EE8AD8 /* PBXTargetDependency */ = {
			isa = PBXTargetDependency;
			target = 57AE2791190BF06C00EE8AD8 /* FitPal */;
			targetProxy = 57AE27B2190BF06D00EE8AD8 /* PBXContainerItemProxy */;
		};
/* End PBXTargetDependency section */

/* Begin PBXVariantGroup section */
		57AE279E190BF06C00EE8AD8 /* InfoPlist.strings */ = {
			isa = PBXVariantGroup;
			children = (
				57AE279F190BF06C00EE8AD8 /* en */,
			);
			name = InfoPlist.strings;
			sourceTree = "<group>";
		};
		57AE27B7190BF06D00EE8AD8 /* InfoPlist.strings */ = {
			isa = PBXVariantGroup;
			children = (
				57AE27B8190BF06D00EE8AD8 /* en */,
			);
			name = InfoPlist.strings;
			sourceTree = "<group>";
		};
/* End PBXVariantGroup section */

/* Begin XCBuildConfiguration section */
		57AE27BC190BF06D00EE8AD8 /* Debug */ = {
			isa = XCBuildConfiguration;
			buildSettings = {
				ALWAYS_SEARCH_USER_PATHS = NO;
				CLANG_CXX_LANGUAGE_STANDARD = "gnu++0x";
				CLANG_CXX_LIBRARY = "libc++";
				CLANG_ENABLE_MODULES = YES;
				CLANG_ENABLE_OBJC_ARC = YES;
				CLANG_WARN_BOOL_CONVERSION = YES;
				CLANG_WARN_CONSTANT_CONVERSION = YES;
				CLANG_WARN_DIRECT_OBJC_ISA_USAGE = YES_ERROR;
				CLANG_WARN_EMPTY_BODY = YES;
				CLANG_WARN_ENUM_CONVERSION = YES;
				CLANG_WARN_INT_CONVERSION = YES;
				CLANG_WARN_OBJC_ROOT_CLASS = YES_ERROR;
				CLANG_WARN__DUPLICATE_METHOD_MATCH = YES;
				"CODE_SIGN_IDENTITY[sdk=iphoneos*]" = "iPhone Developer";
				COPY_PHASE_STRIP = NO;
				GCC_C_LANGUAGE_STANDARD = gnu99;
				GCC_DYNAMIC_NO_PIC = NO;
				GCC_OPTIMIZATION_LEVEL = 0;
				GCC_PREPROCESSOR_DEFINITIONS = (
					"DEBUG=1",
					"$(inherited)",
				);
				GCC_SYMBOLS_PRIVATE_EXTERN = NO;
				GCC_WARN_64_TO_32_BIT_CONVERSION = YES;
				GCC_WARN_ABOUT_RETURN_TYPE = YES_ERROR;
				GCC_WARN_UNDECLARED_SELECTOR = YES;
				GCC_WARN_UNINITIALIZED_AUTOS = YES_AGGRESSIVE;
				GCC_WARN_UNUSED_FUNCTION = YES;
				GCC_WARN_UNUSED_VARIABLE = YES;
				IPHONEOS_DEPLOYMENT_TARGET = 7.1;
				ONLY_ACTIVE_ARCH = YES;
				SDKROOT = iphoneos;
			};
			name = Debug;
		};
		57AE27BD190BF06D00EE8AD8 /* Release */ = {
			isa = XCBuildConfiguration;
			buildSettings = {
				ALWAYS_SEARCH_USER_PATHS = NO;
				CLANG_CXX_LANGUAGE_STANDARD = "gnu++0x";
				CLANG_CXX_LIBRARY = "libc++";
				CLANG_ENABLE_MODULES = YES;
				CLANG_ENABLE_OBJC_ARC = YES;
				CLANG_WARN_BOOL_CONVERSION = YES;
				CLANG_WARN_CONSTANT_CONVERSION = YES;
				CLANG_WARN_DIRECT_OBJC_ISA_USAGE = YES_ERROR;
				CLANG_WARN_EMPTY_BODY = YES;
				CLANG_WARN_ENUM_CONVERSION = YES;
				CLANG_WARN_INT_CONVERSION = YES;
				CLANG_WARN_OBJC_ROOT_CLASS = YES_ERROR;
				CLANG_WARN__DUPLICATE_METHOD_MATCH = YES;
				"CODE_SIGN_IDENTITY[sdk=iphoneos*]" = "iPhone Developer";
				COPY_PHASE_STRIP = YES;
				ENABLE_NS_ASSERTIONS = NO;
				GCC_C_LANGUAGE_STANDARD = gnu99;
				GCC_WARN_64_TO_32_BIT_CONVERSION = YES;
				GCC_WARN_ABOUT_RETURN_TYPE = YES_ERROR;
				GCC_WARN_UNDECLARED_SELECTOR = YES;
				GCC_WARN_UNINITIALIZED_AUTOS = YES_AGGRESSIVE;
				GCC_WARN_UNUSED_FUNCTION = YES;
				GCC_WARN_UNUSED_VARIABLE = YES;
				IPHONEOS_DEPLOYMENT_TARGET = 7.1;
				SDKROOT = iphoneos;
				VALIDATE_PRODUCT = YES;
			};
			name = Release;
		};
		57AE27BF190BF06D00EE8AD8 /* Debug */ = {
			isa = XCBuildConfiguration;
			baseConfigurationReference = C4865254B4F04C9CA45D1B68 /* Pods.xcconfig */;
			buildSettings = {
				ASSETCATALOG_COMPILER_APPICON_NAME = AppIcon;
				ASSETCATALOG_COMPILER_LAUNCHIMAGE_NAME = LaunchImage;
				GCC_PRECOMPILE_PREFIX_HEADER = YES;
				GCC_PREFIX_HEADER = "FitPal/FitPal-Prefix.pch";
				INFOPLIST_FILE = "FitPal/FitPal-Info.plist";
				PRODUCT_NAME = "$(TARGET_NAME)";
				WRAPPER_EXTENSION = app;
			};
			name = Debug;
		};
		57AE27C0190BF06D00EE8AD8 /* Release */ = {
			isa = XCBuildConfiguration;
			baseConfigurationReference = C4865254B4F04C9CA45D1B68 /* Pods.xcconfig */;
			buildSettings = {
				ASSETCATALOG_COMPILER_APPICON_NAME = AppIcon;
				ASSETCATALOG_COMPILER_LAUNCHIMAGE_NAME = LaunchImage;
				GCC_PRECOMPILE_PREFIX_HEADER = YES;
				GCC_PREFIX_HEADER = "FitPal/FitPal-Prefix.pch";
				INFOPLIST_FILE = "FitPal/FitPal-Info.plist";
				PRODUCT_NAME = "$(TARGET_NAME)";
				WRAPPER_EXTENSION = app;
			};
			name = Release;
		};
		57AE27C2190BF06D00EE8AD8 /* Debug */ = {
			isa = XCBuildConfiguration;
			buildSettings = {
				BUNDLE_LOADER = "$(BUILT_PRODUCTS_DIR)/FitPal.app/FitPal";
				FRAMEWORK_SEARCH_PATHS = (
					"$(SDKROOT)/Developer/Library/Frameworks",
					"$(inherited)",
					"$(DEVELOPER_FRAMEWORKS_DIR)",
				);
				GCC_PRECOMPILE_PREFIX_HEADER = YES;
				GCC_PREFIX_HEADER = "FitPal/FitPal-Prefix.pch";
				GCC_PREPROCESSOR_DEFINITIONS = (
					"DEBUG=1",
					"$(inherited)",
				);
				INFOPLIST_FILE = "FitPalTests/FitPalTests-Info.plist";
				PRODUCT_NAME = "$(TARGET_NAME)";
				TEST_HOST = "$(BUNDLE_LOADER)";
				WRAPPER_EXTENSION = xctest;
			};
			name = Debug;
		};
		57AE27C3190BF06D00EE8AD8 /* Release */ = {
			isa = XCBuildConfiguration;
			buildSettings = {
				BUNDLE_LOADER = "$(BUILT_PRODUCTS_DIR)/FitPal.app/FitPal";
				FRAMEWORK_SEARCH_PATHS = (
					"$(SDKROOT)/Developer/Library/Frameworks",
					"$(inherited)",
					"$(DEVELOPER_FRAMEWORKS_DIR)",
				);
				GCC_PRECOMPILE_PREFIX_HEADER = YES;
				GCC_PREFIX_HEADER = "FitPal/FitPal-Prefix.pch";
				INFOPLIST_FILE = "FitPalTests/FitPalTests-Info.plist";
				PRODUCT_NAME = "$(TARGET_NAME)";
				TEST_HOST = "$(BUNDLE_LOADER)";
				WRAPPER_EXTENSION = xctest;
			};
			name = Release;
		};
/* End XCBuildConfiguration section */

/* Begin XCConfigurationList section */
		57AE278D190BF06C00EE8AD8 /* Build configuration list for PBXProject "FitPal" */ = {
			isa = XCConfigurationList;
			buildConfigurations = (
				57AE27BC190BF06D00EE8AD8 /* Debug */,
				57AE27BD190BF06D00EE8AD8 /* Release */,
			);
			defaultConfigurationIsVisible = 0;
			defaultConfigurationName = Release;
		};
		57AE27BE190BF06D00EE8AD8 /* Build configuration list for PBXNativeTarget "FitPal" */ = {
			isa = XCConfigurationList;
			buildConfigurations = (
				57AE27BF190BF06D00EE8AD8 /* Debug */,
				57AE27C0190BF06D00EE8AD8 /* Release */,
			);
			defaultConfigurationIsVisible = 0;
			defaultConfigurationName = Release;
		};
		57AE27C1190BF06D00EE8AD8 /* Build configuration list for PBXNativeTarget "FitPalTests" */ = {
			isa = XCConfigurationList;
			buildConfigurations = (
				57AE27C2190BF06D00EE8AD8 /* Debug */,
				57AE27C3190BF06D00EE8AD8 /* Release */,
			);
			defaultConfigurationIsVisible = 0;
			defaultConfigurationName = Release;
		};
/* End XCConfigurationList section */
	};
	rootObject = 57AE278A190BF06C00EE8AD8 /* Project object */;
}
